
Microsoft Visual Studio Solution File, Format Version 12.00
# Visual Studio Version 16
VisualStudioVersion = 16.0.29319.158
MinimumVisualStudioVersion = 10.0.40219.1
Project("{9A19103F-16F7-4668-BE54-9A1E7A4F7556}") = "CustomADP", "CustomADP\CustomADP.csproj", "{CF4B7317-31E9-43B8-9A13-90EDA875B5D4}"
EndProject
Global
	GlobalSection(SolutionConfigurationPlatforms) = preSolution
		Debug|Any CPU = Debug|Any CPU
		Release|Any CPU = Release|Any CPU
	EndGlobalSection
	GlobalSection(ProjectConfigurationPlatforms) = postSolution
		{CF4B7317-31E9-43B8-9A13-90EDA875B5D4}.Debug|Any CPU.ActiveCfg = Debug|Any CPU
		{CF4B7317-31E9-43B8-9A13-90EDA875B5D4}.Debug|Any CPU.Build.0 = Debug|Any CPU
		{CF4B7317-31E9-43B8-9A13-90EDA875B5D4}.Release|Any CPU.ActiveCfg = Release|Any CPU
		{CF4B7317-31E9-43B8-9A13-90EDA875B5D4}.Release|Any CPU.Build.0 = Release|Any CPU
	EndGlobalSection
	GlobalSection(SolutionProperties) = preSolution
		HideSolutionNode = FALSE
	EndGlobalSection
	GlobalSection(ExtensibilityGlobals) = postSolution
		SolutionGuid = {49D72D18-49DB-4486-81A1-C12C8BC17677}
	EndGlobalSection
EndGlobal
